PODS:
  - Masonry (1.0.2)
  - MJExtension (3.0.13)
  - SDWebImage (3.8.2):
    - SDWebImage/Core (= 3.8.2)
  - SDWebImage/Core (3.8.2)
  - XHWebImageAutoSize (1.0.2)

DEPENDENCIES:
  - Masonry
  - MJExtension
  - SDWebImage
  - XHWebImageAutoSize

SPEC CHECKSUMS:
  Masonry: 7c429b56da9d4ee0bbb3ed77a5ea710d6a5df39e
  MJExtension: 5932755f451458eefa24239358817f8d291240c7
  SDWebImage: 098e97e6176540799c27e804c96653ee0833d13c
  XHWebImageAutoSize: b58704e53d1d444b632d76d8c314f18933c9fbbb

PODFILE CHECKSUM: 8269e203e1fbb94bab49a2408b31cf1443c51d8d

COCOAPODS: 1.1.1
